[[package]]
name = "shapely"
version = "1.8.1.post1"
description = "Geometric objects, predicates, and operations"
category = "main"
optional = false
python-versions = ">=3.6"

[package.extras]
all = ["pytest", "pytest-cov", "numpy"]
test = ["pytest", "pytest-cov"]
vectorized = ["numpy"]

[metadata]
lock-version = "1.1"
python-versions = "^3.8"
content-hash = "d41dc130d673d1df95ced589a64851153aa49c69229d619763f8a41d602c8ffe"

[metadata.files]
shapely = [
    {file = "Shapely-1.8.1.post1-cp310-cp310-macosx_11_0_arm64.whl", hash = "sha256:0ca96a3314b7a38a3bb385531469de1fcf2b2c2979ec2aa4f37b4c70632cf1ad"},
    {file = "Shapely-1.8.1.post1-cp310-cp310-manylinux_2_12_x86_64.manylinux2010_x86_64.whl", hash = "sha256:493902923fdd135316161a4ece5294ba3ce81accaa54540d2af3b93f7231143a"},
    {file = "Shapely-1.8.1.post1-cp310-cp310-win_amd64.whl", hash = "sha256:b82fc74d5efb11a71283c4ed69b4e036997cc70db4b73c646207ddf0476ade44"},
    {file = "Shapely-1.8.1.post1-cp36-cp36m-macosx_10_9_x86_64.whl", hash = "sha256:89bc5f3abc1ccbc7682c2e1664153c4f8f125fa9c24bff4abca48685739d5636"},
    {file = "Shapely-1.8.1.post1-cp36-cp36m-manylinux_2_12_i686.manylinux2010_i686.whl", hash = "sha256:44cb895b1710f7559c28d69dfa08cafe4f58cd4b7a87091a55bdf6711ad9ad66"},
    {file = "Shapely-1.8.1.post1-cp36-cp36m-manylinux_2_12_x86_64.manylinux2010_x86_64.whl", hash = "sha256:437fff3b6274be26ffa3e450de711ee01e436324b5a405952add2146227e3eb5"},
    {file = "Shapely-1.8.1.post1-cp36-cp36m-win32.whl", hash = "sha256:dc0f46212f84c57d13189fc33cf61e13eee292704d7652e931e4b51c54b0c73c"},
    {file = "Shapely-1.8.1.post1-cp36-cp36m-win_amd64.whl", hash = "sha256:9248aad099ecf228fbdd877b0c668823dd83c48798cf04d49a1be75167e3a7ce"},
    {file = "Shapely-1.8.1.post1-cp37-cp37m-macosx_10_9_x86_64.whl", hash = "sha256:bab5ff7c576588acccd665ecce2a0fe7b47d4ce0398f2d5c1e5b2e27d09398d2"},
    {file = "Shapely-1.8.1.post1-cp37-cp37m-manylinux_2_12_i686.manylinux2010_i686.whl", hash = "sha256:2381ce0aff67d569eb509bcc051264aa5fbdc1fdd54f4c09963d0e09f16a8f1b"},
    {file = "Shapely-1.8.1.post1-cp37-cp37m-manylinux_2_12_x86_64.manylinux2010_x86_64.whl", hash = "sha256:b4d35e72022b2dbf152d476b0362596011c674ff68be9fc8f2e68e71d86502ca"},
    {file = "Shapely-1.8.1.post1-cp37-cp37m-win32.whl", hash = "sha256:5a420e7112b55a1587412a5b03ebf59e302ddd354da68516d3721718f6b8a7c5"},
    {file = "Shapely-1.8.1.post1-cp37-cp37m-win_amd64.whl", hash = "sha256:c4c366e18edf91196a399f8f0f046f93516002e6d8af0b57c23e7c7d91944b16"},
    {file = "Shapely-1.8.1.post1-cp38-cp38-macosx_10_9_x86_64.whl", hash = "sha256:2020fda37c708d44a613c020cea09e81e476f96866f348afc2601e66c0e71db1"},
    {file = "Shapely-1.8.1.post1-cp38-cp38-macosx_11_0_arm64.whl", hash = "sha256:69d5352fb977655c85d2f40a05ae24fc5053cccee77d0a8b1f773e54804e723e"},
    {file = "Shapely-1.8.1.post1-cp38-cp38-manylinux_2_12_i686.manylinux2010_i686.whl", hash = "sha256:83f3c8191d30ae0e3dd557434c48ca591d75342d5a3f42fc5148ec42796be624"},
    {file = "Shapely-1.8.1.post1-cp38-cp38-manylinux_2_12_x86_64.manylinux2010_x86_64.whl", hash = "sha256:3e792635e92c9aacd1452a589a4fa2970114b6a9b1165e09655481f6e58970f5"},
    {file = "Shapely-1.8.1.post1-cp38-cp38-win32.whl", hash = "sha256:8cf7331f61780506976fe2175e069d898e1b04ace73be21aad55c3ee92e58e3a"},
    {file = "Shapely-1.8.1.post1-cp38-cp38-win_amd64.whl", hash = "sha256:f109064bdb0753a6bac6238538cfeeb4a09739e2d556036b343b2eabeb9520b2"},
    {file = "Shapely-1.8.1.post1-cp39-cp39-macosx_10_9_x86_64.whl", hash = "sha256:aea1e87450adffba3d04ccbaa790df719bb7aa23b05ac797ad16be236a5d0db8"},
    {file = "Shapely-1.8.1.post1-cp39-cp39-macosx_11_0_arm64.whl", hash = "sha256:3a3602ba2e7715ddd5d4114173dec83d3181bfb2497e8589676c284aa739fd67"},
    {file = "Shapely-1.8.1.post1-cp39-cp39-manylinux_2_12_i686.manylinux2010_i686.whl", hash = "sha256:679789d774cfe09ca05118cab78c0a6a42985b3ed23bc93606272a4509b4df28"},
    {file = "Shapely-1.8.1.post1-cp39-cp39-manylinux_2_12_x86_64.manylinux2010_x86_64.whl", hash = "sha256:363df36370f28fdc7789857929f6ff27e659f64087b4c89f7a47ed43bd3bfe4d"},
    {file = "Shapely-1.8.1.post1-cp39-cp39-win32.whl", hash = "sha256:bc6063875182515d3888180cc4cbdbaa6443e4a4386c4bb25499e9875b75dcac"},
    {file = "Shapely-1.8.1.post1-cp39-cp39-win_amd64.whl", hash = "sha256:54aeb2a57978ce731fd52289d0e1deee7c232d41aed53091f38776378f644184"},
    {file = "Shapely-1.8.1.post1.tar.gz", hash = "sha256:93ff06ff05fbe2be843b93c7b1ad8292e56e665ba01b4708f75ae8a757972e9f"},
]
